
Microsoft Visual Studio Solution File, Format Version 12.00
# Visual Studio Version 16
VisualStudioVersion = 16.0.29519.181
MinimumVisualStudioVersion = 10.0.40219.1
Project("{FAE04EC0-301F-11D3-BF4B-00C04F79EFBC}") = "P507Pr0ject", "P507Pr0ject\P507Pr0ject.csproj", "{B547DCEB-7495-4112-BE1D-541A8C0EC532}"
EndProject
Global
	GlobalSection(SolutionConfigurationPlatforms) = preSolution
		Debug|Any CPU = Debug|Any CPU
		Release|Any CPU = Release|Any CPU
	EndGlobalSection
	GlobalSection(ProjectConfigurationPlatforms) = postSolution
		{B547DCEB-7495-4112-BE1D-541A8C0EC532}.Debug|Any CPU.ActiveCfg = Debug|Any CPU
		{B547DCEB-7495-4112-BE1D-541A8C0EC532}.Debug|Any CPU.Build.0 = Debug|Any CPU
		{B547DCEB-7495-4112-BE1D-541A8C0EC532}.Release|Any CPU.ActiveCfg = Release|Any CPU
		{B547DCEB-7495-4112-BE1D-541A8C0EC532}.Release|Any CPU.Build.0 = Release|Any CPU
	EndGlobalSection
	GlobalSection(SolutionProperties) = preSolution
		HideSolutionNode = FALSE
	EndGlobalSection
	GlobalSection(ExtensibilityGlobals) = postSolution
		SolutionGuid = {D1A6B705-F62D-4FB9-B131-6B6CAC48F304}
	EndGlobalSection
EndGlobal
